{
  "version": 4,
  "terraform_version": "1.6.0",
  "serial": 6,
  "lineage": "62848aca-b324-da97-c909-a46e8e00ff53",
  "outputs": {},
  "resources": [
    {
      "mode": "managed",
      "type": "azurerm_app_service_source_control",
      "name": "example",
      "provider": "provider[\"registry.terraform.io/hashicorp/azurerm\"]",
      "instances": [
        {
          "schema_version": 0,
          "attributes": {
            "app_id": "/subscriptions/31f6b9ec-3a50-4302-bd7e-48f61a9b4166/resourceGroups/ContactBookRG66610/providers/Microsoft.Web/sites/linux-app-66610",
            "branch": "master",
            "github_action_configuration": [],
            "id": "/subscriptions/31f6b9ec-3a50-4302-bd7e-48f61a9b4166/resourceGroups/ContactBookRG66610/providers/Microsoft.Web/sites/linux-app-66610",
            "repo_url": "https://github.com/nakov/ContactBook",
            "rollback_enabled": false,
            "scm_type": "ExternalGit",
            "timeouts": null,
            "use_local_git": false,
            "use_manual_integration": true,
            "use_mercurial": false,
            "uses_github_action": false
          },
          "sensitive_attributes": [],
          "private": "eyJlMmJmYjczMC1lY2FhLTExZTYtOGY4OC0zNDM2M2JjN2M0YzAiOnsiY3JlYXRlIjoxODAwMDAwMDAwMDAwLCJkZWxldGUiOjE4MDAwMDAwMDAwMDAsInJlYWQiOjMwMDAwMDAwMDAwMH19",
          "dependencies": [
            "azurerm_linux_web_app.alwa",
            "azurerm_resource_group.rg",
            "azurerm_service_plan.asp",
            "random_integer.ri"
          ]
        }
      ]
    },
    {
      "mode": "managed",
      "type": "azurerm_linux_web_app",
      "name": "alwa",
      "provider": "provider[\"registry.terraform.io/hashicorp/azurerm\"]",
      "instances": [
        {
          "schema_version": 0,
          "attributes": {
            "app_settings": null,
            "auth_settings": [],
            "auth_settings_v2": [],
            "backup": [],
            "client_affinity_enabled": false,
            "client_certificate_enabled": false,
            "client_certificate_exclusion_paths": "",
            "client_certificate_mode": "Required",
            "connection_string": [],
            "custom_domain_verification_id": "38480767A4D4F1B1DED718CB81F31D275F8FCB1E20617F26B3C5DE612F2E3568",
            "default_hostname": "linux-app-66610.azurewebsites.net",
            "enabled": true,
            "hosting_environment_id": "",
            "https_only": false,
            "id": "/subscriptions/31f6b9ec-3a50-4302-bd7e-48f61a9b4166/resourceGroups/ContactBookRG66610/providers/Microsoft.Web/sites/linux-app-66610",
            "identity": [],
            "key_vault_reference_identity_id": "SystemAssigned",
            "kind": "app,linux",
            "location": "westeurope",
            "logs": [],
            "name": "linux-app-66610",
            "outbound_ip_address_list": [
              "20.23.164.19",
              "20.23.164.22",
              "20.23.164.74",
              "20.23.164.119",
              "20.23.164.132",
              "20.23.164.165",
              "20.103.45.225",
              "20.103.46.23",
              "20.103.46.40",
              "20.103.46.97",
              "20.103.46.170",
              "20.103.46.172",
              "20.105.216.29"
            ],
            "outbound_ip_addresses": "20.23.164.19,20.23.164.22,20.23.164.74,20.23.164.119,20.23.164.132,20.23.164.165,20.103.45.225,20.103.46.23,20.103.46.40,20.103.46.97,20.103.46.170,20.103.46.172,20.105.216.29",
            "possible_outbound_ip_address_list": [
              "20.23.164.19",
              "20.23.164.22",
              "20.23.164.74",
              "20.23.164.119",
              "20.23.164.132",
              "20.23.164.165",
              "20.103.45.225",
              "20.103.46.23",
              "20.103.46.40",
              "20.103.46.97",
              "20.103.46.170",
              "20.103.46.172",
              "20.103.46.188",
              "20.103.46.202",
              "20.103.46.214",
              "20.103.46.219",
              "20.103.46.234",
              "20.103.46.252",
              "20.103.47.2",
              "20.103.47.35",
              "20.103.47.71",
              "20.103.47.117",
              "20.103.47.132",
              "20.103.47.134",
              "20.23.164.19",
              "20.23.164.22",
              "20.23.164.74",
              "20.23.164.119",
              "20.23.164.132",
              "20.23.164.165",
              "20.82.66.31",
              "20.103.47.136",
              "20.103.47.151",
              "20.4.176.33",
              "20.4.176.106",
              "20.4.176.151",
              "20.105.216.29"
            ],
            "possible_outbound_ip_addresses": "20.23.164.19,20.23.164.22,20.23.164.74,20.23.164.119,20.23.164.132,20.23.164.165,20.103.45.225,20.103.46.23,20.103.46.40,20.103.46.97,20.103.46.170,20.103.46.172,20.103.46.188,20.103.46.202,20.103.46.214,20.103.46.219,20.103.46.234,20.103.46.252,20.103.47.2,20.103.47.35,20.103.47.71,20.103.47.117,20.103.47.132,20.103.47.134,20.23.164.19,20.23.164.22,20.23.164.74,20.23.164.119,20.23.164.132,20.23.164.165,20.82.66.31,20.103.47.136,20.103.47.151,20.4.176.33,20.4.176.106,20.4.176.151,20.105.216.29",
            "public_network_access_enabled": true,
            "resource_group_name": "ContactBookRG66610",
            "service_plan_id": "/subscriptions/31f6b9ec-3a50-4302-bd7e-48f61a9b4166/resourceGroups/ContactBookRG66610/providers/Microsoft.Web/serverfarms/contact-book-66610",
            "site_config": [
              {
                "always_on": false,
                "api_definition_url": "",
                "api_management_api_id": "",
                "app_command_line": "",
                "application_stack": [
                  {
                    "docker_image": "",
                    "docker_image_name": "",
                    "docker_image_tag": "",
                    "docker_registry_password": "",
                    "docker_registry_url": "",
                    "docker_registry_username": "",
                    "dotnet_version": "",
                    "go_version": "",
                    "java_server": "",
                    "java_server_version": "",
                    "java_version": "",
                    "node_version": "16-lts",
                    "php_version": "",
                    "python_version": "",
                    "ruby_version": ""
                  }
                ],
                "auto_heal_enabled": false,
                "auto_heal_setting": [],
                "container_registry_managed_identity_client_id": "",
                "container_registry_use_managed_identity": false,
                "cors": [],
                "default_documents": [
                  "Default.htm",
                  "Default.html",
                  "Default.asp",
                  "index.htm",
                  "index.html",
                  "iisstart.htm",
                  "default.aspx",
                  "index.php",
                  "hostingstart.html"
                ],
                "detailed_error_logging_enabled": false,
                "ftps_state": "Disabled",
                "health_check_eviction_time_in_min": 0,
                "health_check_path": "",
                "http2_enabled": false,
                "ip_restriction": [],
                "linux_fx_version": "NODE|16-lts",
                "load_balancing_mode": "LeastRequests",
                "local_mysql_enabled": false,
                "managed_pipeline_mode": "Integrated",
                "minimum_tls_version": "1.2",
                "remote_debugging_enabled": false,
                "remote_debugging_version": "VS2019",
                "scm_ip_restriction": [],
                "scm_minimum_tls_version": "1.2",
                "scm_type": "None",
                "scm_use_main_ip_restriction": false,
                "use_32_bit_worker": true,
                "vnet_route_all_enabled": false,
                "websockets_enabled": false,
                "worker_count": 1
              }
            ],
            "site_credential": [
              {
                "name": "$linux-app-66610",
                "password": "DtxeCihqJGhYxtwgjTxKgJsagTkkz9EHRBqmzu5tfHjtxKPXcQcqqMSGb0lp"
              }
            ],
            "sticky_settings": [],
            "storage_account": [],
            "tags": null,
            "timeouts": null,
            "virtual_network_subnet_id": "",
            "zip_deploy_file": ""
          },
          "sensitive_attributes": [],
          "private": "eyJlMmJmYjczMC1lY2FhLTExZTYtOGY4OC0zNDM2M2JjN2M0YzAiOnsiY3JlYXRlIjoxODAwMDAwMDAwMDAwLCJkZWxldGUiOjE4MDAwMDAwMDAwMDAsInJlYWQiOjMwMDAwMDAwMDAwMCwidXBkYXRlIjoxODAwMDAwMDAwMDAwfX0=",
          "dependencies": [
            "azurerm_resource_group.rg",
            "azurerm_service_plan.asp",
            "random_integer.ri"
          ]
        }
      ]
    },
    {
      "mode": "managed",
      "type": "azurerm_resource_group",
      "name": "rg",
      "provider": "provider[\"registry.terraform.io/hashicorp/azurerm\"]",
      "instances": [
        {
          "schema_version": 0,
          "attributes": {
            "id": "/subscriptions/31f6b9ec-3a50-4302-bd7e-48f61a9b4166/resourceGroups/ContactBookRG66610",
            "location": "westeurope",
            "managed_by": "",
            "name": "ContactBookRG66610",
            "tags": null,
            "timeouts": null
          },
          "sensitive_attributes": [],
          "private": "eyJlMmJmYjczMC1lY2FhLTExZTYtOGY4OC0zNDM2M2JjN2M0YzAiOnsiY3JlYXRlIjo1NDAwMDAwMDAwMDAwLCJkZWxldGUiOjU0MDAwMDAwMDAwMDAsInJlYWQiOjMwMDAwMDAwMDAwMCwidXBkYXRlIjo1NDAwMDAwMDAwMDAwfX0=",
          "dependencies": [
            "random_integer.ri"
          ]
        }
      ]
    },
    {
      "mode": "managed",
      "type": "azurerm_service_plan",
      "name": "asp",
      "provider": "provider[\"registry.terraform.io/hashicorp/azurerm\"]",
      "instances": [
        {
          "schema_version": 0,
          "attributes": {
            "app_service_environment_id": "",
            "id": "/subscriptions/31f6b9ec-3a50-4302-bd7e-48f61a9b4166/resourceGroups/ContactBookRG66610/providers/Microsoft.Web/serverfarms/contact-book-66610",
            "kind": "linux",
            "location": "westeurope",
            "maximum_elastic_worker_count": 1,
            "name": "contact-book-66610",
            "os_type": "Linux",
            "per_site_scaling_enabled": false,
            "reserved": true,
            "resource_group_name": "ContactBookRG66610",
            "sku_name": "F1",
            "tags": null,
            "timeouts": null,
            "worker_count": 1,
            "zone_balancing_enabled": false
          },
          "sensitive_attributes": [],
          "private": "eyJlMmJmYjczMC1lY2FhLTExZTYtOGY4OC0zNDM2M2JjN2M0YzAiOnsiY3JlYXRlIjozNjAwMDAwMDAwMDAwLCJkZWxldGUiOjM2MDAwMDAwMDAwMDAsInJlYWQiOjMwMDAwMDAwMDAwMCwidXBkYXRlIjozNjAwMDAwMDAwMDAwfX0=",
          "dependencies": [
            "azurerm_resource_group.rg",
            "random_integer.ri"
          ]
        }
      ]
    },
    {
      "mode": "managed",
      "type": "random_integer",
      "name": "ri",
      "provider": "provider[\"registry.terraform.io/hashicorp/random\"]",
      "instances": [
        {
          "schema_version": 0,
          "attributes": {
            "id": "66610",
            "keepers": null,
            "max": 99999,
            "min": 10000,
            "result": 66610,
            "seed": null
          },
          "sensitive_attributes": []
        }
      ]
    }
  ],
  "check_results": null
}
